
Microsoft Visual Studio Solution File, Format Version 12.00
# Visual Studio Version 16
VisualStudioVersion = 16.0.30717.126
MinimumVisualStudioVersion = 10.0.40219.1
Project("{9A19103F-16F7-4668-BE54-9A1E7A4F7556}") = "HotelBooking", "HotelBooking\HotelBooking.csproj", "{7EC2F2F2-71C0-4691-9BD8-E87A7D6DD471}"
EndProject
Project("{9A19103F-16F7-4668-BE54-9A1E7A4F7556}") = "HotelBookingTest", "HotelBookingTest\HotelBookingTest.csproj", "{BD4CA24F-9CC5-4D6A-966E-1DD0A72ADB3F}"
EndProject
Global
	GlobalSection(SolutionConfigurationPlatforms) = preSolution
		Debug|Any CPU = Debug|Any CPU
		Release|Any CPU = Release|Any CPU
	EndGlobalSection
	GlobalSection(ProjectConfigurationPlatforms) = postSolution
		{7EC2F2F2-71C0-4691-9BD8-E87A7D6DD471}.Debug|Any CPU.ActiveCfg = Debug|Any CPU
		{7EC2F2F2-71C0-4691-9BD8-E87A7D6DD471}.Debug|Any CPU.Build.0 = Debug|Any CPU
		{7EC2F2F2-71C0-4691-9BD8-E87A7D6DD471}.Release|Any CPU.ActiveCfg = Release|Any CPU
		{7EC2F2F2-71C0-4691-9BD8-E87A7D6DD471}.Release|Any CPU.Build.0 = Release|Any CPU
		{BD4CA24F-9CC5-4D6A-966E-1DD0A72ADB3F}.Debug|Any CPU.ActiveCfg = Debug|Any CPU
		{BD4CA24F-9CC5-4D6A-966E-1DD0A72ADB3F}.Debug|Any CPU.Build.0 = Debug|Any CPU
		{BD4CA24F-9CC5-4D6A-966E-1DD0A72ADB3F}.Release|Any CPU.ActiveCfg = Release|Any CPU
		{BD4CA24F-9CC5-4D6A-966E-1DD0A72ADB3F}.Release|Any CPU.Build.0 = Release|Any CPU
	EndGlobalSection
	GlobalSection(SolutionProperties) = preSolution
		HideSolutionNode = FALSE
	EndGlobalSection
	GlobalSection(ExtensibilityGlobals) = postSolution
		SolutionGuid = {AFEB4D01-FEC6-415B-B321-EF319EE0F913}
	EndGlobalSection
EndGlobal
